// !$*UTF8*$!
{
	archiveVersion = 1;
	classes = {
	};
	objectVersion = 52;
	objects = {

/* Begin PBXBuildFile section */
		BB0666E425C493BA00DF80DF /* NetworkClient.swift in Sources */ = {isa = PBXBuildFile; fileRef = BB0666E325C493BA00DF80DF /* NetworkClient.swift */; };
		BB0666E925C56E0E00DF80DF /* Models.swift in Sources */ = {isa = PBXBuildFile; fileRef = BB0666E825C56E0E00DF80DF /* Models.swift */; };
		BB0666EF25C56F2200DF80DF /* SearchService.swift in Sources */ = {isa = PBXBuildFile; fileRef = BB0666EE25C56F2200DF80DF /* SearchService.swift */; };
		BB0666F425C586CD00DF80DF /* BookListViewModel.swift in Sources */ = {isa = PBXBuildFile; fileRef = BB0666F325C586CD00DF80DF /* BookListViewModel.swift */; };
		BB0666FE25C59D8600DF80DF /* BookTableViewCell.swift in Sources */ = {isa = PBXBuildFile; fileRef = BB0666FD25C59D8600DF80DF /* BookTableViewCell.swift */; };
		BB06670125C5DD1A00DF80DF /* AuthorStringConverter.swift in Sources */ = {isa = PBXBuildFile; fileRef = BB06670025C5DD1900DF80DF /* AuthorStringConverter.swift */; };
		BB06670425C5F4E900DF80DF /* ImageCache.swift in Sources */ = {isa = PBXBuildFile; fileRef = BB06670325C5F4E900DF80DF /* ImageCache.swift */; };
		BB06670825C6E83600DF80DF /* BookListHeaderView.swift in Sources */ = {isa = PBXBuildFile; fileRef = BB06670725C6E83600DF80DF /* BookListHeaderView.swift */; };
		BB8C3EAD25C6EFF500BFD3DA /* BookListTests.swift in Sources */ = {isa = PBXBuildFile; fileRef = BB8C3EAC25C6EFF500BFD3DA /* BookListTests.swift */; };
		BBE25D4D25C08CDC0032C728 /* AppDelegate.swift in Sources */ = {isa = PBXBuildFile; fileRef = BBE25D4C25C08CDC0032C728 /* AppDelegate.swift */; };
		BBE25D4F25C08CDC0032C728 /* SceneDelegate.swift in Sources */ = {isa = PBXBuildFile; fileRef = BBE25D4E25C08CDC0032C728 /* SceneDelegate.swift */; };
		BBE25D5125C08CDC0032C728 /* BookListViewController.swift in Sources */ = {isa = PBXBuildFile; fileRef = BBE25D5025C08CDC0032C728 /* BookListViewController.swift */; };
		BBE25D5625C08CDD0032C728 /* Assets.xcassets in Resources */ = {isa = PBXBuildFile; fileRef = BBE25D5525C08CDD0032C728 /* Assets.xcassets */; };
		BBE25D5925C08CDD0032C728 /* LaunchScreen.storyboard in Resources */ = {isa = PBXBuildFile; fileRef = BBE25D5725C08CDD0032C728 /* LaunchScreen.storyboard */; };
		BBE25D6525C092DC0032C728 /* Alamofire in Frameworks */ = {isa = PBXBuildFile; productRef = BBE25D6425C092DC0032C728 /* Alamofire */; };
		BBE25D6925C092FF0032C728 /* AlamofireImage in Frameworks */ = {isa = PBXBuildFile; productRef = BBE25D6825C092FF0032C728 /* AlamofireImage */; };
		BBE25D6D25C093190032C728 /* SnapKit in Frameworks */ = {isa = PBXBuildFile; productRef = BBE25D6C25C093190032C728 /* SnapKit */; };
/* End PBXBuildFile section */

/* Begin PBXContainerItemProxy section */
		BB8C3EAF25C6EFF500BFD3DA /* PBXContainerItemProxy */ = {
			isa = PBXContainerItemProxy;
			containerPortal = BBE25D4125C08CDC0032C728 /* Project object */;
			proxyType = 1;
			remoteGlobalIDString = BBE25D4825C08CDC0032C728;
			remoteInfo = BookList;
		};
/* End PBXContainerItemProxy section */

/* Begin PBXFileReference section */
		BB0666E325C493BA00DF80DF /* NetworkClient.swift */ = {isa = PBXFileReference; lastKnownFileType = sourcecode.swift; path = NetworkClient.swift; sourceTree = "<group>"; };
		BB0666E825C56E0E00DF80DF /* Models.swift */ = {isa = PBXFileReference; lastKnownFileType = sourcecode.swift; path = Models.swift; sourceTree = "<group>"; };
		BB0666EE25C56F2200DF80DF /* SearchService.swift */ = {isa = PBXFileReference; lastKnownFileType = sourcecode.swift; path = SearchService.swift; sourceTree = "<group>"; };
		BB0666F325C586CD00DF80DF /* BookListViewModel.swift */ = {isa = PBXFileReference; lastKnownFileType = sourcecode.swift; path = BookListViewModel.swift; sourceTree = "<group>"; };
		BB0666FD25C59D8600DF80DF /* BookTableViewCell.swift */ = {isa = PBXFileReference; lastKnownFileType = sourcecode.swift; path = BookTableViewCell.swift; sourceTree = "<group>"; };
		BB06670025C5DD1900DF80DF /* AuthorStringConverter.swift */ = {isa = PBXFileReference; lastKnownFileType = sourcecode.swift; path = AuthorStringConverter.swift; sourceTree = "<group>"; };
		BB06670325C5F4E900DF80DF /* ImageCache.swift */ = {isa = PBXFileReference; lastKnownFileType = sourcecode.swift; path = ImageCache.swift; sourceTree = "<group>"; };
		BB06670725C6E83600DF80DF /* BookListHeaderView.swift */ = {isa = PBXFileReference; lastKnownFileType = sourcecode.swift; path = BookListHeaderView.swift; sourceTree = "<group>"; };
		BB8C3EAA25C6EFF500BFD3DA /* BookListTests.xctest */ = {isa = PBXFileReference; explicitFileType = wrapper.cfbundle; includeInIndex = 0; path = BookListTests.xctest; sourceTree = BUILT_PRODUCTS_DIR; };
		BB8C3EAC25C6EFF500BFD3DA /* BookListTests.swift */ = {isa = PBXFileReference; lastKnownFileType = sourcecode.swift; path = BookListTests.swift; sourceTree = "<group>"; };
		BB8C3EAE25C6EFF500BFD3DA /* Info.plist */ = {isa = PBXFileReference; lastKnownFileType = text.plist.xml; path = Info.plist; sourceTree = "<group>"; };
		BBE25D4925C08CDC0032C728 /* BookList.app */ = {isa = PBXFileReference; explicitFileType = wrapper.application; includeInIndex = 0; path = BookList.app; sourceTree = BUILT_PRODUCTS_DIR; };
		BBE25D4C25C08CDC0032C728 /* AppDelegate.swift */ = {isa = PBXFileReference; lastKnownFileType = sourcecode.swift; path = AppDelegate.swift; sourceTree = "<group>"; };
		BBE25D4E25C08CDC0032C728 /* SceneDelegate.swift */ = {isa = PBXFileReference; lastKnownFileType = sourcecode.swift; path = SceneDelegate.swift; sourceTree = "<group>"; };
		BBE25D5025C08CDC0032C728 /* BookListViewController.swift */ = {isa = PBXFileReference; lastKnownFileType = sourcecode.swift; path = BookListViewController.swift; sourceTree = "<group>"; };
		BBE25D5525C08CDD0032C728 /* Assets.xcassets */ = {isa = PBXFileReference; lastKnownFileType = folder.assetcatalog; path = Assets.xcassets; sourceTree = "<group>"; };
		BBE25D5825C08CDD0032C728 /* Base */ = {isa = PBXFileReference; lastKnownFileType = file.storyboard; name = Base; path = Base.lproj/LaunchScreen.storyboard; sourceTree = "<group>"; };
		BBE25D5A25C08CDD0032C728 /* Info.plist */ = {isa = PBXFileReference; lastKnownFileType = text.plist.xml; path = Info.plist; sourceTree = "<group>"; };
/* End PBXFileReference section */

/* Begin PBXFrameworksBuildPhase section */
		BB8C3EA725C6EFF500BFD3DA /* Frameworks */ = {
			isa = PBXFrameworksBuildPhase;
			buildActionMask = 2147483647;
			files = (
			);
			runOnlyForDeploymentPostprocessing = 0;
		};
		BBE25D4625C08CDC0032C728 /* Frameworks */ = {
			isa = PBXFrameworksBuildPhase;
			buildActionMask = 2147483647;
			files = (
				BBE25D6D25C093190032C728 /* SnapKit in Frameworks */,
				BBE25D6525C092DC0032C728 /* Alamofire in Frameworks */,
				BBE25D6925C092FF0032C728 /* AlamofireImage in Frameworks */,
			);
			runOnlyForDeploymentPostprocessing = 0;
		};
/* End PBXFrameworksBuildPhase section */

/* Begin PBXGroup section */
		BB0666E225C493A100DF80DF /* Core */ = {
			isa = PBXGroup;
			children = (
				BB0666E325C493BA00DF80DF /* NetworkClient.swift */,
			);
			path = Core;
			sourceTree = "<group>";
		};
		BB0666E725C56DFB00DF80DF /* BookListModule */ = {
			isa = PBXGroup;
			children = (
				BBE25D5025C08CDC0032C728 /* BookListViewController.swift */,
				BB0666E825C56E0E00DF80DF /* Models.swift */,
				BB0666F325C586CD00DF80DF /* BookListViewModel.swift */,
				BB0666FD25C59D8600DF80DF /* BookTableViewCell.swift */,
				BB06670025C5DD1900DF80DF /* AuthorStringConverter.swift */,
				BB06670725C6E83600DF80DF /* BookListHeaderView.swift */,
			);
			path = BookListModule;
			sourceTree = "<group>";
		};
		BB0666ED25C56E8500DF80DF /* Services */ = {
			isa = PBXGroup;
			children = (
				BB0666EE25C56F2200DF80DF /* SearchService.swift */,
				BB06670325C5F4E900DF80DF /* ImageCache.swift */,
			);
			path = Services;
			sourceTree = "<group>";
		};
		BB8C3EAB25C6EFF500BFD3DA /* BookListTests */ = {
			isa = PBXGroup;
			children = (
				BB8C3EAC25C6EFF500BFD3DA /* BookListTests.swift */,
				BB8C3EAE25C6EFF500BFD3DA /* Info.plist */,
			);
			path = BookListTests;
			sourceTree = "<group>";
		};
		BBE25D4025C08CDC0032C728 = {
			isa = PBXGroup;
			children = (
				BBE25D4B25C08CDC0032C728 /* BookList */,
				BB8C3EAB25C6EFF500BFD3DA /* BookListTests */,
				BBE25D4A25C08CDC0032C728 /* Products */,
			);
			sourceTree = "<group>";
		};
		BBE25D4A25C08CDC0032C728 /* Products */ = {
			isa = PBXGroup;
			children = (
				BBE25D4925C08CDC0032C728 /* BookList.app */,
				BB8C3EAA25C6EFF500BFD3DA /* BookListTests.xctest */,
			);
			name = Products;
			sourceTree = "<group>";
		};
		BBE25D4B25C08CDC0032C728 /* BookList */ = {
			isa = PBXGroup;
			children = (
				BB0666ED25C56E8500DF80DF /* Services */,
				BB0666E725C56DFB00DF80DF /* BookListModule */,
				BB0666E225C493A100DF80DF /* Core */,
				BBE25D4C25C08CDC0032C728 /* AppDelegate.swift */,
				BBE25D4E25C08CDC0032C728 /* SceneDelegate.swift */,
				BBE25D5525C08CDD0032C728 /* Assets.xcassets */,
				BBE25D5725C08CDD0032C728 /* LaunchScreen.storyboard */,
				BBE25D5A25C08CDD0032C728 /* Info.plist */,
			);
			path = BookList;
			sourceTree = "<group>";
		};
/* End PBXGroup section */

/* Begin PBXNativeTarget section */
		BB8C3EA925C6EFF500BFD3DA /* BookListTests */ = {
			isa = PBXNativeTarget;
			buildConfigurationList = BB8C3EB325C6EFF500BFD3DA /* Build configuration list for PBXNativeTarget "BookListTests" */;
			buildPhases = (
				BB8C3EA625C6EFF500BFD3DA /* Sources */,
				BB8C3EA725C6EFF500BFD3DA /* Frameworks */,
				BB8C3EA825C6EFF500BFD3DA /* Resources */,
			);
			buildRules = (
			);
			dependencies = (
				BB8C3EB025C6EFF500BFD3DA /* PBXTargetDependency */,
			);
			name = BookListTests;
			productName = BookListTests;
			productReference = BB8C3EAA25C6EFF500BFD3DA /* BookListTests.xctest */;
			productType = "com.apple.product-type.bundle.unit-test";
		};
		BBE25D4825C08CDC0032C728 /* BookList */ = {
			isa = PBXNativeTarget;
			buildConfigurationList = BBE25D5D25C08CDD0032C728 /* Build configuration list for PBXNativeTarget "BookList" */;
			buildPhases = (
				BBE25D4525C08CDC0032C728 /* Sources */,
				BBE25D4625C08CDC0032C728 /* Frameworks */,
				BBE25D4725C08CDC0032C728 /* Resources */,
			);
			buildRules = (
			);
			dependencies = (
			);
			name = BookList;
			packageProductDependencies = (
				BBE25D6425C092DC0032C728 /* Alamofire */,
				BBE25D6825C092FF0032C728 /* AlamofireImage */,
				BBE25D6C25C093190032C728 /* SnapKit */,
			);
			productName = BookList;
			productReference = BBE25D4925C08CDC0032C728 /* BookList.app */;
			productType = "com.apple.product-type.application";
		};
/* End PBXNativeTarget section */

/* Begin PBXProject section */
		BBE25D4125C08CDC0032C728 /* Project object */ = {
			isa = PBXProject;
			attributes = {
				LastSwiftUpdateCheck = 1230;
				LastUpgradeCheck = 1230;
				TargetAttributes = {
					BB8C3EA925C6EFF500BFD3DA = {
						CreatedOnToolsVersion = 12.3;
						TestTargetID = BBE25D4825C08CDC0032C728;
					};
					BBE25D4825C08CDC0032C728 = {
						CreatedOnToolsVersion = 12.3;
					};
				};
			};
			buildConfigurationList = BBE25D4425C08CDC0032C728 /* Build configuration list for PBXProject "BookList" */;
			compatibilityVersion = "Xcode 9.3";
			developmentRegion = en;
			hasScannedForEncodings = 0;
			knownRegions = (
				en,
				Base,
			);
			mainGroup = BBE25D4025C08CDC0032C728;
			packageReferences = (
				BBE25D6325C092DC0032C728 /* XCRemoteSwiftPackageReference "Alamofire" */,
				BBE25D6725C092FF0032C728 /* XCRemoteSwiftPackageReference "AlamofireImage" */,
				BBE25D6B25C093190032C728 /* XCRemoteSwiftPackageReference "SnapKit" */,
			);
			productRefGroup = BBE25D4A25C08CDC0032C728 /* Products */;
			projectDirPath = "";
			projectRoot = "";
			targets = (
				BBE25D4825C08CDC0032C728 /* BookList */,
				BB8C3EA925C6EFF500BFD3DA /* BookListTests */,
			);
		};
/* End PBXProject section */

/* Begin PBXResourcesBuildPhase section */
		BB8C3EA825C6EFF500BFD3DA /* Resources */ = {
			isa = PBXResourcesBuildPhase;
			buildActionMask = 2147483647;
			files = (
			);
			runOnlyForDeploymentPostprocessing = 0;
		};
		BBE25D4725C08CDC0032C728 /* Resources */ = {
			isa = PBXResourcesBuildPhase;
			buildActionMask = 2147483647;
			files = (
				BBE25D5925C08CDD0032C728 /* LaunchScreen.storyboard in Resources */,
				BBE25D5625C08CDD0032C728 /* Assets.xcassets in Resources */,
			);
			runOnlyForDeploymentPostprocessing = 0;
		};
/* End PBXResourcesBuildPhase section */

/* Begin PBXSourcesBuildPhase section */
		BB8C3EA625C6EFF500BFD3DA /* Sources */ = {
			isa = PBXSourcesBuildPhase;
			buildActionMask = 2147483647;
			files = (
				BB8C3EAD25C6EFF500BFD3DA /* BookListTests.swift in Sources */,
			);
			runOnlyForDeploymentPostprocessing = 0;
		};
		BBE25D4525C08CDC0032C728 /* Sources */ = {
			isa = PBXSourcesBuildPhase;
			buildActionMask = 2147483647;
			files = (
				BB06670425C5F4E900DF80DF /* ImageCache.swift in Sources */,
				BB06670125C5DD1A00DF80DF /* AuthorStringConverter.swift in Sources */,
				BBE25D5125C08CDC0032C728 /* BookListViewController.swift in Sources */,
				BB0666E425C493BA00DF80DF /* NetworkClient.swift in Sources */,
				BB06670825C6E83600DF80DF /* BookListHeaderView.swift in Sources */,
				BBE25D4D25C08CDC0032C728 /* AppDelegate.swift in Sources */,
				BB0666E925C56E0E00DF80DF /* Models.swift in Sources */,
				BB0666FE25C59D8600DF80DF /* BookTableViewCell.swift in Sources */,
				BBE25D4F25C08CDC0032C728 /* SceneDelegate.swift in Sources */,
				BB0666F425C586CD00DF80DF /* BookListViewModel.swift in Sources */,
				BB0666EF25C56F2200DF80DF /* SearchService.swift in Sources */,
			);
			runOnlyForDeploymentPostprocessing = 0;
		};
/* End PBXSourcesBuildPhase section */

/* Begin PBXTargetDependency section */
		BB8C3EB025C6EFF500BFD3DA /* PBXTargetDependency */ = {
			isa = PBXTargetDependency;
			target = BBE25D4825C08CDC0032C728 /* BookList */;
			targetProxy = BB8C3EAF25C6EFF500BFD3DA /* PBXContainerItemProxy */;
		};
/* End PBXTargetDependency section */

/* Begin PBXVariantGroup section */
		BBE25D5725C08CDD0032C728 /* LaunchScreen.storyboard */ = {
			isa = PBXVariantGroup;
			children = (
				BBE25D5825C08CDD0032C728 /* Base */,
			);
			name = LaunchScreen.storyboard;
			sourceTree = "<group>";
		};
/* End PBXVariantGroup section */

/* Begin XCBuildConfiguration section */
		BB8C3EB125C6EFF500BFD3DA /* Debug */ = {
			isa = XCBuildConfiguration;
			buildSettings = {
				BUNDLE_LOADER = "$(TEST_HOST)";
				CODE_SIGN_STYLE = Automatic;
				INFOPLIST_FILE = BookListTests/Info.plist;
				LD_RUNPATH_SEARCH_PATHS = (
					"$(inherited)",
					"@executable_path/Frameworks",
					"@loader_path/Frameworks",
				);
				PRODUCT_BUNDLE_IDENTIFIER = com.prisma.BookListTests;
				PRODUCT_NAME = "$(TARGET_NAME)";
				SWIFT_VERSION = 5.0;
				TARGETED_DEVICE_FAMILY = "1,2";
				TEST_HOST = "$(BUILT_PRODUCTS_DIR)/BookList.app/BookList";
			};
			name = Debug;
		};
		BB8C3EB225C6EFF500BFD3DA /* Release */ = {
			isa = XCBuildConfiguration;
			buildSettings = {
				BUNDLE_LOADER = "$(TEST_HOST)";
				CODE_SIGN_STYLE = Automatic;
				INFOPLIST_FILE = BookListTests/Info.plist;
				LD_RUNPATH_SEARCH_PATHS = (
					"$(inherited)",
					"@executable_path/Frameworks",
					"@loader_path/Frameworks",
				);
				PRODUCT_BUNDLE_IDENTIFIER = com.prisma.BookListTests;
				PRODUCT_NAME = "$(TARGET_NAME)";
				SWIFT_VERSION = 5.0;
				TARGETED_DEVICE_FAMILY = "1,2";
				TEST_HOST = "$(BUILT_PRODUCTS_DIR)/BookList.app/BookList";
			};
			name = Release;
		};
		BBE25D5B25C08CDD0032C728 /* Debug */ = {
			isa = XCBuildConfiguration;
			buildSettings = {
				ALWAYS_SEARCH_USER_PATHS = NO;
				CLANG_ANALYZER_NONNULL = YES;
				CLANG_ANALYZER_NUMBER_OBJECT_CONVERSION = YES_AGGRESSIVE;
				CLANG_CXX_LANGUAGE_STANDARD = "gnu++14";
				CLANG_CXX_LIBRARY = "libc++";
				CLANG_ENABLE_MODULES = YES;
				CLANG_ENABLE_OBJC_ARC = YES;
				CLANG_ENABLE_OBJC_WEAK = YES;
				CLANG_WARN_BLOCK_CAPTURE_AUTORELEASING = YES;
				CLANG_WARN_BOOL_CONVERSION = YES;
				CLANG_WARN_COMMA = YES;
				CLANG_WARN_CONSTANT_CONVERSION = YES;
				CLANG_WARN_DEPRECATED_OBJC_IMPLEMENTATIONS = YES;
				CLANG_WARN_DIRECT_OBJC_ISA_USAGE = YES_ERROR;
				CLANG_WARN_DOCUMENTATION_COMMENTS = YES;
				CLANG_WARN_EMPTY_BODY = YES;
				CLANG_WARN_ENUM_CONVERSION = YES;
				CLANG_WARN_INFINITE_RECURSION = YES;
				CLANG_WARN_INT_CONVERSION = YES;
				CLANG_WARN_NON_LITERAL_NULL_CONVERSION = YES;
				CLANG_WARN_OBJC_IMPLICIT_RETAIN_SELF = YES;
				CLANG_WARN_OBJC_LITERAL_CONVERSION = YES;
				CLANG_WARN_OBJC_ROOT_CLASS = YES_ERROR;
				CLANG_WARN_QUOTED_INCLUDE_IN_FRAMEWORK_HEADER = YES;
				CLANG_WARN_RANGE_LOOP_ANALYSIS = YES;
				CLANG_WARN_STRICT_PROTOTYPES = YES;
				CLANG_WARN_SUSPICIOUS_MOVE = YES;
				CLANG_WARN_UNGUARDED_AVAILABILITY = YES_AGGRESSIVE;
				CLANG_WARN_UNREACHABLE_CODE = YES;
				CLANG_WARN__DUPLICATE_METHOD_MATCH = YES;
				COPY_PHASE_STRIP = NO;
				DEBUG_INFORMATION_FORMAT = dwarf;
				ENABLE_STRICT_OBJC_MSGSEND = YES;
				ENABLE_TESTABILITY = YES;
				GCC_C_LANGUAGE_STANDARD = gnu11;
				GCC_DYNAMIC_NO_PIC = NO;
				GCC_NO_COMMON_BLOCKS = YES;
				GCC_OPTIMIZATION_LEVEL = 0;
				GCC_PREPROCESSOR_DEFINITIONS = (
					"DEBUG=1",
					"$(inherited)",
				);
				GCC_WARN_64_TO_32_BIT_CONVERSION = YES;
				GCC_WARN_ABOUT_RETURN_TYPE = YES_ERROR;
				GCC_WARN_UNDECLARED_SELECTOR = YES;
				GCC_WARN_UNINITIALIZED_AUTOS = YES_AGGRESSIVE;
				GCC_WARN_UNUSED_FUNCTION = YES;
				GCC_WARN_UNUSED_VARIABLE = YES;
				IPHONEOS_DEPLOYMENT_TARGET = 14.3;
				MTL_ENABLE_DEBUG_INFO = INCLUDE_SOURCE;
				MTL_FAST_MATH = YES;
				ONLY_ACTIVE_ARCH = YES;
				SDKROOT = iphoneos;
				SWIFT_ACTIVE_COMPILATION_CONDITIONS = DEBUG;
				SWIFT_OPTIMIZATION_LEVEL = "-Onone";
			};
			name = Debug;
		};
		BBE25D5C25C08CDD0032C728 /* Release */ = {
			isa = XCBuildConfiguration;
			buildSettings = {
				ALWAYS_SEARCH_USER_PATHS = NO;
				CLANG_ANALYZER_NONNULL = YES;
				CLANG_ANALYZER_NUMBER_OBJECT_CONVERSION = YES_AGGRESSIVE;
				CLANG_CXX_LANGUAGE_STANDARD = "gnu++14";
				CLANG_CXX_LIBRARY = "libc++";
				CLANG_ENABLE_MODULES = YES;
				CLANG_ENABLE_OBJC_ARC = YES;
				CLANG_ENABLE_OBJC_WEAK = YES;
				CLANG_WARN_BLOCK_CAPTURE_AUTORELEASING = YES;
				CLANG_WARN_BOOL_CONVERSION = YES;
				CLANG_WARN_COMMA = YES;
				CLANG_WARN_CONSTANT_CONVERSION = YES;
				CLANG_WARN_DEPRECATED_OBJC_IMPLEMENTATIONS = YES;
				CLANG_WARN_DIRECT_OBJC_ISA_USAGE = YES_ERROR;
				CLANG_WARN_DOCUMENTATION_COMMENTS = YES;
				CLANG_WARN_EMPTY_BODY = YES;
				CLANG_WARN_ENUM_CONVERSION = YES;
				CLANG_WARN_INFINITE_RECURSION = YES;
				CLANG_WARN_INT_CONVERSION = YES;
				CLANG_WARN_NON_LITERAL_NULL_CONVERSION = YES;
				CLANG_WARN_OBJC_IMPLICIT_RETAIN_SELF = YES;
				CLANG_WARN_OBJC_LITERAL_CONVERSION = YES;
				CLANG_WARN_OBJC_ROOT_CLASS = YES_ERROR;
				CLANG_WARN_QUOTED_INCLUDE_IN_FRAMEWORK_HEADER = YES;
				CLANG_WARN_RANGE_LOOP_ANALYSIS = YES;
				CLANG_WARN_STRICT_PROTOTYPES = YES;
				CLANG_WARN_SUSPICIOUS_MOVE = YES;
				CLANG_WARN_UNGUARDED_AVAILABILITY = YES_AGGRESSIVE;
				CLANG_WARN_UNREACHABLE_CODE = YES;
				CLANG_WARN__DUPLICATE_METHOD_MATCH = YES;
				COPY_PHASE_STRIP = NO;
				DEBUG_INFORMATION_FORMAT = "dwarf-with-dsym";
				ENABLE_NS_ASSERTIONS = NO;
				ENABLE_STRICT_OBJC_MSGSEND = YES;
				GCC_C_LANGUAGE_STANDARD = gnu11;
				GCC_NO_COMMON_BLOCKS = YES;
				GCC_WARN_64_TO_32_BIT_CONVERSION = YES;
				GCC_WARN_ABOUT_RETURN_TYPE = YES_ERROR;
				GCC_WARN_UNDECLARED_SELECTOR = YES;
				GCC_WARN_UNINITIALIZED_AUTOS = YES_AGGRESSIVE;
				GCC_WARN_UNUSED_FUNCTION = YES;
				GCC_WARN_UNUSED_VARIABLE = YES;
				IPHONEOS_DEPLOYMENT_TARGET = 14.3;
				MTL_ENABLE_DEBUG_INFO = NO;
				MTL_FAST_MATH = YES;
				SDKROOT = iphoneos;
				SWIFT_COMPILATION_MODE = wholemodule;
				SWIFT_OPTIMIZATION_LEVEL = "-O";
				VALIDATE_PRODUCT = YES;
			};
			name = Release;
		};
		BBE25D5E25C08CDD0032C728 /* Debug */ = {
			isa = XCBuildConfiguration;
			buildSettings = {
				ASSETCATALOG_COMPILER_APPICON_NAME = AppIcon;
				ASSETCATALOG_COMPILER_GLOBAL_ACCENT_COLOR_NAME = AccentColor;
				CODE_SIGN_STYLE = Automatic;
				INFOPLIST_FILE = BookList/Info.plist;
				LD_RUNPATH_SEARCH_PATHS = (
					"$(inherited)",
					"@executable_path/Frameworks",
				);
				PRODUCT_BUNDLE_IDENTIFIER = com.prisma.BookList;
				PRODUCT_NAME = "$(TARGET_NAME)";
				SWIFT_VERSION = 5.0;
				TARGETED_DEVICE_FAMILY = "1,2";
			};
			name = Debug;
		};
		BBE25D5F25C08CDD0032C728 /* Release */ = {
			isa = XCBuildConfiguration;
			buildSettings = {
				ASSETCATALOG_COMPILER_APPICON_NAME = AppIcon;
				ASSETCATALOG_COMPILER_GLOBAL_ACCENT_COLOR_NAME = AccentColor;
				CODE_SIGN_STYLE = Automatic;
				INFOPLIST_FILE = BookList/Info.plist;
				LD_RUNPATH_SEARCH_PATHS = (
					"$(inherited)",
					"@executable_path/Frameworks",
				);
				PRODUCT_BUNDLE_IDENTIFIER = com.prisma.BookList;
				PRODUCT_NAME = "$(TARGET_NAME)";
				SWIFT_VERSION = 5.0;
				TARGETED_DEVICE_FAMILY = "1,2";
			};
			name = Release;
		};
/* End XCBuildConfiguration section */

/* Begin XCConfigurationList section */
		BB8C3EB325C6EFF500BFD3DA /* Build configuration list for PBXNativeTarget "BookListTests" */ = {
			isa = XCConfigurationList;
			buildConfigurations = (
				BB8C3EB125C6EFF500BFD3DA /* Debug */,
				BB8C3EB225C6EFF500BFD3DA /* Release */,
			);
			defaultConfigurationIsVisible = 0;
			defaultConfigurationName = Release;
		};
		BBE25D4425C08CDC0032C728 /* Build configuration list for PBXProject "BookList" */ = {
			isa = XCConfigurationList;
			buildConfigurations = (
				BBE25D5B25C08CDD0032C728 /* Debug */,
				BBE25D5C25C08CDD0032C728 /* Release */,
			);
			defaultConfigurationIsVisible = 0;
			defaultConfigurationName = Release;
		};
		BBE25D5D25C08CDD0032C728 /* Build configuration list for PBXNativeTarget "BookList" */ = {
			isa = XCConfigurationList;
			buildConfigurations = (
				BBE25D5E25C08CDD0032C728 /* Debug */,
				BBE25D5F25C08CDD0032C728 /* Release */,
			);
			defaultConfigurationIsVisible = 0;
			defaultConfigurationName = Release;
		};
/* End XCConfigurationList section */

/* Begin XCRemoteSwiftPackageReference section */
		BBE25D6325C092DC0032C728 /* XCRemoteSwiftPackageReference "Alamofire" */ = {
			isa = XCRemoteSwiftPackageReference;
			repositoryURL = "https://github.com/Alamofire/Alamofire.git";
			requirement = {
				kind = upToNextMajorVersion;
				minimumVersion = 5.4.0;
			};
		};
		BBE25D6725C092FF0032C728 /* XCRemoteSwiftPackageReference "AlamofireImage" */ = {
			isa = XCRemoteSwiftPackageReference;
			repositoryURL = "https://github.com/Alamofire/AlamofireImage.git";
			requirement = {
				kind = upToNextMajorVersion;
				minimumVersion = 4.1.0;
			};
		};
		BBE25D6B25C093190032C728 /* XCRemoteSwiftPackageReference "SnapKit" */ = {
			isa = XCRemoteSwiftPackageReference;
			repositoryURL = "https://github.com/SnapKit/SnapKit.git";
			requirement = {
				kind = upToNextMajorVersion;
				minimumVersion = 5.0.1;
			};
		};
/* End XCRemoteSwiftPackageReference section */

/* Begin XCSwiftPackageProductDependency section */
		BBE25D6425C092DC0032C728 /* Alamofire */ = {
			isa = XCSwiftPackageProductDependency;
			package = BBE25D6325C092DC0032C728 /* XCRemoteSwiftPackageReference "Alamofire" */;
			productName = Alamofire;
		};
		BBE25D6825C092FF0032C728 /* AlamofireImage */ = {
			isa = XCSwiftPackageProductDependency;
			package = BBE25D6725C092FF0032C728 /* XCRemoteSwiftPackageReference "AlamofireImage" */;
			productName = AlamofireImage;
		};
		BBE25D6C25C093190032C728 /* SnapKit */ = {
			isa = XCSwiftPackageProductDependency;
			package = BBE25D6B25C093190032C728 /* XCRemoteSwiftPackageReference "SnapKit" */;
			productName = SnapKit;
		};
/* End XCSwiftPackageProductDependency section */
	};
	rootObject = BBE25D4125C08CDC0032C728 /* Project object */;
}
